
Microsoft Visual Studio Solution File, Format Version 12.00
# Visual Studio Version 17
VisualStudioVersion = 17.9.34728.123
MinimumVisualStudioVersion = 10.0.40219.1
Project("{9A19103F-16F7-4668-BE54-9A1E7A4F7556}") = "LoanCalculator.API", "LoanCalculator.API\LoanCalculator.API.csproj", "{5057BAF0-602A-4D7B-BEA0-DE5CF7ADB2C7}"
EndProject
Project("{2150E333-8FDC-42A3-9474-1A3956D46DE8}") = "src", "src", "{74085D5D-EDE7-411D-A1BF-DF0252423334}"
EndProject
Project("{9A19103F-16F7-4668-BE54-9A1E7A4F7556}") = "LoanCalculator.Domain", "LoanCalculator.Domain\LoanCalculator.Domain.csproj", "{E977FC21-7F93-4BCA-873F-D1D44A0FFC78}"
EndProject
Project("{9A19103F-16F7-4668-BE54-9A1E7A4F7556}") = "LoanCalculator.Application", "LoanCalculator.Application\LoanCalculator.Application.csproj", "{942D97E3-8870-4E35-A8A4-0FC3B5C7EAB8}"
EndProject
Project("{2150E333-8FDC-42A3-9474-1A3956D46DE8}") = "tests", "tests", "{3273B439-8358-40EB-914F-A6F8EBA3B16D}"
EndProject
Project("{2150E333-8FDC-42A3-9474-1A3956D46DE8}") = "Solution Items", "Solution Items", "{D87F1400-A642-48FD-802F-C6F8ACEDFAE7}"
	ProjectSection(SolutionItems) = preProject
		docker-compose.yml = docker-compose.yml
		README.md = README.md
	EndProjectSection
EndProject
Project("{FAE04EC0-301F-11D3-BF4B-00C04F79EFBC}") = "LoanCalculator.Domain.Tests", "LoanCalculator.Domain.Tests\LoanCalculator.Domain.Tests.csproj", "{E6D6F626-874B-47A5-9AE5-F5C2461818BC}"
EndProject
Project("{54A90642-561A-4BB1-A94E-469ADEE60C69}") = "loancalculator.web", "LoanCalculator.Web\loancalculator.web.esproj", "{DB862E30-003F-4F5E-BA70-D225A3B44636}"
EndProject
Global
	GlobalSection(SolutionConfigurationPlatforms) = preSolution
		Debug|Any CPU = Debug|Any CPU
		Release|Any CPU = Release|Any CPU
	EndGlobalSection
	GlobalSection(ProjectConfigurationPlatforms) = postSolution
		{5057BAF0-602A-4D7B-BEA0-DE5CF7ADB2C7}.Debug|Any CPU.ActiveCfg = Debug|Any CPU
		{5057BAF0-602A-4D7B-BEA0-DE5CF7ADB2C7}.Debug|Any CPU.Build.0 = Debug|Any CPU
		{5057BAF0-602A-4D7B-BEA0-DE5CF7ADB2C7}.Release|Any CPU.ActiveCfg = Release|Any CPU
		{5057BAF0-602A-4D7B-BEA0-DE5CF7ADB2C7}.Release|Any CPU.Build.0 = Release|Any CPU
		{E977FC21-7F93-4BCA-873F-D1D44A0FFC78}.Debug|Any CPU.ActiveCfg = Debug|Any CPU
		{E977FC21-7F93-4BCA-873F-D1D44A0FFC78}.Debug|Any CPU.Build.0 = Debug|Any CPU
		{E977FC21-7F93-4BCA-873F-D1D44A0FFC78}.Release|Any CPU.ActiveCfg = Release|Any CPU
		{E977FC21-7F93-4BCA-873F-D1D44A0FFC78}.Release|Any CPU.Build.0 = Release|Any CPU
		{942D97E3-8870-4E35-A8A4-0FC3B5C7EAB8}.Debug|Any CPU.ActiveCfg = Debug|Any CPU
		{942D97E3-8870-4E35-A8A4-0FC3B5C7EAB8}.Debug|Any CPU.Build.0 = Debug|Any CPU
		{942D97E3-8870-4E35-A8A4-0FC3B5C7EAB8}.Release|Any CPU.ActiveCfg = Release|Any CPU
		{942D97E3-8870-4E35-A8A4-0FC3B5C7EAB8}.Release|Any CPU.Build.0 = Release|Any CPU
		{E6D6F626-874B-47A5-9AE5-F5C2461818BC}.Debug|Any CPU.ActiveCfg = Debug|Any CPU
		{E6D6F626-874B-47A5-9AE5-F5C2461818BC}.Debug|Any CPU.Build.0 = Debug|Any CPU
		{E6D6F626-874B-47A5-9AE5-F5C2461818BC}.Release|Any CPU.ActiveCfg = Release|Any CPU
		{E6D6F626-874B-47A5-9AE5-F5C2461818BC}.Release|Any CPU.Build.0 = Release|Any CPU
		{DB862E30-003F-4F5E-BA70-D225A3B44636}.Debug|Any CPU.ActiveCfg = Debug|Any CPU
		{DB862E30-003F-4F5E-BA70-D225A3B44636}.Debug|Any CPU.Build.0 = Debug|Any CPU
		{DB862E30-003F-4F5E-BA70-D225A3B44636}.Debug|Any CPU.Deploy.0 = Debug|Any CPU
		{DB862E30-003F-4F5E-BA70-D225A3B44636}.Release|Any CPU.ActiveCfg = Release|Any CPU
		{DB862E30-003F-4F5E-BA70-D225A3B44636}.Release|Any CPU.Build.0 = Release|Any CPU
		{DB862E30-003F-4F5E-BA70-D225A3B44636}.Release|Any CPU.Deploy.0 = Release|Any CPU
	EndGlobalSection
	GlobalSection(SolutionProperties) = preSolution
		HideSolutionNode = FALSE
	EndGlobalSection
	GlobalSection(NestedProjects) = preSolution
		{5057BAF0-602A-4D7B-BEA0-DE5CF7ADB2C7} = {74085D5D-EDE7-411D-A1BF-DF0252423334}
		{E977FC21-7F93-4BCA-873F-D1D44A0FFC78} = {74085D5D-EDE7-411D-A1BF-DF0252423334}
		{942D97E3-8870-4E35-A8A4-0FC3B5C7EAB8} = {74085D5D-EDE7-411D-A1BF-DF0252423334}
		{E6D6F626-874B-47A5-9AE5-F5C2461818BC} = {3273B439-8358-40EB-914F-A6F8EBA3B16D}
		{DB862E30-003F-4F5E-BA70-D225A3B44636} = {74085D5D-EDE7-411D-A1BF-DF0252423334}
	EndGlobalSection
	GlobalSection(ExtensibilityGlobals) = postSolution
		SolutionGuid = {1A3FD947-94AA-4641-8C0C-19EAE3EBBAF3}
	EndGlobalSection
EndGlobal
